
Microsoft Visual Studio Solution File, Format Version 12.00
# Visual Studio Version 16
VisualStudioVersion = 16.0.29709.97
MinimumVisualStudioVersion = 10.0.40219.1
Project("{FAE04EC0-301F-11D3-BF4B-00C04F79EFBC}") = "FreakStreet.Server", "FreakStreet\Server\FreakStreet.Server.csproj", "{414923AB-DE51-4ABB-9A18-99A598663EB4}"
EndProject
Project("{FAE04EC0-301F-11D3-BF4B-00C04F79EFBC}") = "FreakStreet.Client", "FreakStreet\Client\FreakStreet.Client.csproj", "{ACCB3855-657D-48FB-A6A7-E5BA6D0DFFD8}"
EndProject
Project("{FAE04EC0-301F-11D3-BF4B-00C04F79EFBC}") = "FreakStreet.Shared", "FreakStreet\Shared\FreakStreet.Shared.csproj", "{E0DAFCDF-7CDF-4F13-BA71-740EAC3AC497}"
EndProject
Project("{2150E333-8FDC-42A3-9474-1A3956D46DE8}") = "Persistence", "Persistence", "{C11E9082-5788-4B82-82D8-F93DEBB84218}"
EndProject
Project("{2150E333-8FDC-42A3-9474-1A3956D46DE8}") = "Domain", "Domain", "{F0DEEE5F-4E48-4207-9920-C4D1C2FC64A4}"
EndProject
Project("{FAE04EC0-301F-11D3-BF4B-00C04F79EFBC}") = "FreakStreet.Domain", "FreakStreet.Domain\FreakStreet.Domain.csproj", "{C7FD4CD3-4E5E-472D-82AD-34D84849BA85}"
EndProject
Global
	GlobalSection(SolutionConfigurationPlatforms) = preSolution
		Debug|Any CPU = Debug|Any CPU
		Release|Any CPU = Release|Any CPU
	EndGlobalSection
	GlobalSection(ProjectConfigurationPlatforms) = postSolution
		{414923AB-DE51-4ABB-9A18-99A598663EB4}.Debug|Any CPU.ActiveCfg = Debug|Any CPU
		{414923AB-DE51-4ABB-9A18-99A598663EB4}.Debug|Any CPU.Build.0 = Debug|Any CPU
		{414923AB-DE51-4ABB-9A18-99A598663EB4}.Release|Any CPU.ActiveCfg = Release|Any CPU
		{414923AB-DE51-4ABB-9A18-99A598663EB4}.Release|Any CPU.Build.0 = Release|Any CPU
		{ACCB3855-657D-48FB-A6A7-E5BA6D0DFFD8}.Debug|Any CPU.ActiveCfg = Debug|Any CPU
		{ACCB3855-657D-48FB-A6A7-E5BA6D0DFFD8}.Debug|Any CPU.Build.0 = Debug|Any CPU
		{ACCB3855-657D-48FB-A6A7-E5BA6D0DFFD8}.Release|Any CPU.ActiveCfg = Release|Any CPU
		{ACCB3855-657D-48FB-A6A7-E5BA6D0DFFD8}.Release|Any CPU.Build.0 = Release|Any CPU
		{E0DAFCDF-7CDF-4F13-BA71-740EAC3AC497}.Debug|Any CPU.ActiveCfg = Debug|Any CPU
		{E0DAFCDF-7CDF-4F13-BA71-740EAC3AC497}.Debug|Any CPU.Build.0 = Debug|Any CPU
		{E0DAFCDF-7CDF-4F13-BA71-740EAC3AC497}.Release|Any CPU.ActiveCfg = Release|Any CPU
		{E0DAFCDF-7CDF-4F13-BA71-740EAC3AC497}.Release|Any CPU.Build.0 = Release|Any CPU
		{C7FD4CD3-4E5E-472D-82AD-34D84849BA85}.Debug|Any CPU.ActiveCfg = Debug|Any CPU
		{C7FD4CD3-4E5E-472D-82AD-34D84849BA85}.Debug|Any CPU.Build.0 = Debug|Any CPU
		{C7FD4CD3-4E5E-472D-82AD-34D84849BA85}.Release|Any CPU.ActiveCfg = Release|Any CPU
		{C7FD4CD3-4E5E-472D-82AD-34D84849BA85}.Release|Any CPU.Build.0 = Release|Any CPU
	EndGlobalSection
	GlobalSection(SolutionProperties) = preSolution
		HideSolutionNode = FALSE
	EndGlobalSection
	GlobalSection(NestedProjects) = preSolution
		{C7FD4CD3-4E5E-472D-82AD-34D84849BA85} = {F0DEEE5F-4E48-4207-9920-C4D1C2FC64A4}
	EndGlobalSection
	GlobalSection(ExtensibilityGlobals) = postSolution
		SolutionGuid = {447F0310-CABB-4C53-92B8-D562BDE8EE26}
	EndGlobalSection
EndGlobal
